
Microsoft Visual Studio Solution File, Format Version 12.00
# Visual Studio Version 17
VisualStudioVersion = 17.11.35303.130
MinimumVisualStudioVersion = 10.0.40219.1
Project("{9A19103F-16F7-4668-BE54-9A1E7A4F7556}") = "CriptossistemaRSA", "CriptossistemaRSA\CriptossistemaRSA.csproj", "{C7E1CE5C-5A58-4711-B972-D63EA4BD427B}"
EndProject
Project("{FAE04EC0-301F-11D3-BF4B-00C04F79EFBC}") = "WebServer", "WebServer\WebServer.csproj", "{F3E69CCF-857F-48CA-AEB0-4FF2390361B3}"
EndProject
Project("{FAE04EC0-301F-11D3-BF4B-00C04F79EFBC}") = "Client1", "Client1\Client1.csproj", "{3DF037AA-A91B-429F-95BB-AD56694E8982}"
EndProject
Project("{FAE04EC0-301F-11D3-BF4B-00C04F79EFBC}") = "Client2", "Client2\Client2.csproj", "{2EE9E015-FA89-40BD-ADE8-B889EBB9699D}"
EndProject
Global
	GlobalSection(SolutionConfigurationPlatforms) = preSolution
		Debug|Any CPU = Debug|Any CPU
		Release|Any CPU = Release|Any CPU
	EndGlobalSection
	GlobalSection(ProjectConfigurationPlatforms) = postSolution
		{C7E1CE5C-5A58-4711-B972-D63EA4BD427B}.Debug|Any CPU.ActiveCfg = Debug|Any CPU
		{C7E1CE5C-5A58-4711-B972-D63EA4BD427B}.Debug|Any CPU.Build.0 = Debug|Any CPU
		{C7E1CE5C-5A58-4711-B972-D63EA4BD427B}.Release|Any CPU.ActiveCfg = Release|Any CPU
		{C7E1CE5C-5A58-4711-B972-D63EA4BD427B}.Release|Any CPU.Build.0 = Release|Any CPU
		{F3E69CCF-857F-48CA-AEB0-4FF2390361B3}.Debug|Any CPU.ActiveCfg = Debug|Any CPU
		{F3E69CCF-857F-48CA-AEB0-4FF2390361B3}.Debug|Any CPU.Build.0 = Debug|Any CPU
		{F3E69CCF-857F-48CA-AEB0-4FF2390361B3}.Release|Any CPU.ActiveCfg = Release|Any CPU
		{F3E69CCF-857F-48CA-AEB0-4FF2390361B3}.Release|Any CPU.Build.0 = Release|Any CPU
		{3DF037AA-A91B-429F-95BB-AD56694E8982}.Debug|Any CPU.ActiveCfg = Debug|Any CPU
		{3DF037AA-A91B-429F-95BB-AD56694E8982}.Debug|Any CPU.Build.0 = Debug|Any CPU
		{3DF037AA-A91B-429F-95BB-AD56694E8982}.Release|Any CPU.ActiveCfg = Release|Any CPU
		{3DF037AA-A91B-429F-95BB-AD56694E8982}.Release|Any CPU.Build.0 = Release|Any CPU
		{2EE9E015-FA89-40BD-ADE8-B889EBB9699D}.Debug|Any CPU.ActiveCfg = Debug|Any CPU
		{2EE9E015-FA89-40BD-ADE8-B889EBB9699D}.Debug|Any CPU.Build.0 = Debug|Any CPU
		{2EE9E015-FA89-40BD-ADE8-B889EBB9699D}.Release|Any CPU.ActiveCfg = Release|Any CPU
		{2EE9E015-FA89-40BD-ADE8-B889EBB9699D}.Release|Any CPU.Build.0 = Release|Any CPU
	EndGlobalSection
	GlobalSection(SolutionProperties) = preSolution
		HideSolutionNode = FALSE
	EndGlobalSection
	GlobalSection(ExtensibilityGlobals) = postSolution
		SolutionGuid = {1D544F82-B0D9-4583-B306-9A3F82E1EA52}
	EndGlobalSection
EndGlobal
